FORGE
  remote: https://forgeapi.puppetlabs.com
  specs:
    ULHPC-pxelinux (0.0.3)
      puppetlabs-stdlib (< 5.0.0, >= 4.2.2)
    croddy-make (0.0.5)
    gentoo-portage (2.3.0)
      puppetlabs-concat (>= 0)
    nanliu-staging (1.0.3)
    puppetlabs-concat (2.1.0)
      puppetlabs-stdlib (< 5.0.0, >= 3.2.0)
    puppetlabs-gcc (0.3.0)
      puppetlabs-stdlib (< 5.0.0, >= 2.0.0)
    puppetlabs-git (0.4.0)
      puppetlabs-stdlib (>= 3.2.0)
    puppetlabs-inifile (1.5.0)
    puppetlabs-java (1.5.0)
      puppetlabs-stdlib (< 5.0.0, >= 2.4.0)
    puppetlabs-mysql (3.7.0)
      nanliu-staging (< 2.0.0, >= 1.0.1)
      puppetlabs-stdlib (< 5.0.0, >= 3.2.0)
    puppetlabs-pe_gem (0.2.0)
    puppetlabs-ruby (0.4.0)
      puppetlabs-stdlib (< 5.0.0, >= 3.2.0)
    puppetlabs-stdlib (4.11.0)
    puppetlabs-vcsrepo (1.3.2)
    zack-r10k (3.2.0)
      croddy-make (>= 0.0.3)
      gentoo-portage (>= 2.0.0)
      puppetlabs-gcc (>= 0.0.3)
      puppetlabs-git (>= 0.0.3)
      puppetlabs-inifile (>= 1.0.0)
      puppetlabs-pe_gem (>= 0.0.1)
      puppetlabs-ruby (>= 0.0.2)
      puppetlabs-stdlib (>= 4.6.0)
      puppetlabs-vcsrepo (>= 0.1.2)

DEPENDENCIES
  ULHPC-pxelinux (>= 0)
  puppetlabs-java (>= 0)
  puppetlabs-mysql (>= 0)
  zack-r10k (>= 0)

